
Microsoft Visual Studio Solution File, Format Version 12.00
# Visual Studio Version 17
VisualStudioVersion = 17.7.34031.279
MinimumVisualStudioVersion = 10.0.40219.1
Project("{8BC9CEB8-8B4A-11D0-8D11-00A0C91BC942}") = "app", "app.vcxproj", "{3F7BEAE2-EE31-4EBC-85E4-062305157D91}"
EndProject
Project("{8BC9CEB8-8B4A-11D0-8D11-00A0C91BC942}") = "DLL", "..\DLL\DLL.vcxproj", "{62AF093B-A952-4873-8D02-EE4BDA8F8334}"
EndProject
Global
	GlobalSection(SolutionConfigurationPlatforms) = preSolution
		Debug|x64 = Debug|x64
		Debug|x86 = Debug|x86
		Release|x64 = Release|x64
		Release|x86 = Release|x86
	EndGlobalSection
	GlobalSection(ProjectConfigurationPlatforms) = postSolution
		{3F7BEAE2-EE31-4EBC-85E4-062305157D91}.Debug|x64.ActiveCfg = Debug|x64
		{3F7BEAE2-EE31-4EBC-85E4-062305157D91}.Debug|x64.Build.0 = Debug|x64
		{3F7BEAE2-EE31-4EBC-85E4-062305157D91}.Debug|x86.ActiveCfg = Debug|x64
		{3F7BEAE2-EE31-4EBC-85E4-062305157D91}.Debug|x86.Build.0 = Debug|x64
		{3F7BEAE2-EE31-4EBC-85E4-062305157D91}.Release|x64.ActiveCfg = Release|x64
		{3F7BEAE2-EE31-4EBC-85E4-062305157D91}.Release|x64.Build.0 = Release|x64
		{3F7BEAE2-EE31-4EBC-85E4-062305157D91}.Release|x86.ActiveCfg = Release|x64
		{3F7BEAE2-EE31-4EBC-85E4-062305157D91}.Release|x86.Build.0 = Release|x64
		{62AF093B-A952-4873-8D02-EE4BDA8F8334}.Debug|x64.ActiveCfg = Debug|x64
		{62AF093B-A952-4873-8D02-EE4BDA8F8334}.Debug|x64.Build.0 = Debug|x64
		{62AF093B-A952-4873-8D02-EE4BDA8F8334}.Debug|x86.ActiveCfg = Debug|Win32
		{62AF093B-A952-4873-8D02-EE4BDA8F8334}.Debug|x86.Build.0 = Debug|Win32
		{62AF093B-A952-4873-8D02-EE4BDA8F8334}.Release|x64.ActiveCfg = Release|x64
		{62AF093B-A952-4873-8D02-EE4BDA8F8334}.Release|x64.Build.0 = Release|x64
		{62AF093B-A952-4873-8D02-EE4BDA8F8334}.Release|x86.ActiveCfg = Release|Win32
		{62AF093B-A952-4873-8D02-EE4BDA8F8334}.Release|x86.Build.0 = Release|Win32
	EndGlobalSection
	GlobalSection(SolutionProperties) = preSolution
		HideSolutionNode = FALSE
	EndGlobalSection
	GlobalSection(ExtensibilityGlobals) = postSolution
		SolutionGuid = {C3FBC811-CC07-4BDE-B562-63147BB58B9E}
	EndGlobalSection
EndGlobal
