<?xml version="1.0" encoding="utf-8"?>
<Project ToolsVersion="4.0" xmlns="http://schemas.microsoft.com/developer/msbuild/2003">
  <ItemGroup>
    <ClCompile Include="main.cpp" />
    <ClCompile Include="Board.cpp">
      <Filter>Backend</Filter>
    </ClCompile>
    <ClCompile Include="Bridge.cpp">
      <Filter>Backend</Filter>
    </ClCompile>
    <ClCompile Include="Bulldozer.cpp">
      <Filter>Backend</Filter>
    </ClCompile>
    <ClCompile Include="Dot.cpp">
      <Filter>Backend</Filter>
    </ClCompile>
    <ClCompile Include="GameStack.cpp">
      <Filter>Backend</Filter>
    </ClCompile>
    <ClCompile Include="Mine.cpp">
      <Filter>Backend</Filter>
    </ClCompile>
    <ClCompile Include="Minimax.cpp">
      <Filter>Backend</Filter>
    </ClCompile>
    <ClCompile Include="Peg.cpp">
      <Filter>Backend</Filter>
    </ClCompile>
    <ClCompile Include="Player.cpp">
      <Filter>Backend</Filter>
    </ClCompile>
    <ClCompile Include="TwixtGame.cpp">
      <Filter>Backend</Filter>
    </ClCompile>
    <ClCompile Include="Undo.cpp">
      <Filter>Backend</Filter>
    </ClCompile>
    <ClCompile Include="BridgeWidget.cpp">
      <Filter>Frontend</Filter>
    </ClCompile>
    <ClCompile Include="DotWidget.cpp">
      <Filter>Frontend</Filter>
    </ClCompile>
    <ClCompile Include="GameBoardWidget.cpp">
      <Filter>Frontend</Filter>
    </ClCompile>
    <ClCompile Include="GameScreenWidget.cpp">
      <Filter>Frontend</Filter>
    </ClCompile>
    <ClCompile Include="MainMenuWidget.cpp">
      <Filter>Frontend</Filter>
    </ClCompile>
    <ClCompile Include="MainWindow.cpp">
      <Filter>Frontend</Filter>
    </ClCompile>
    <ClCompile Include="SettingsWidget.cpp">
      <Filter>Frontend</Filter>
    </ClCompile>
  </ItemGroup>
  <ItemGroup>
    <ClInclude Include="Board.h">
      <Filter>Backend</Filter>
    </ClInclude>
    <ClInclude Include="Bridge.h">
      <Filter>Backend</Filter>
    </ClInclude>
    <ClInclude Include="Bulldozer.h">
      <Filter>Backend</Filter>
    </ClInclude>
    <ClInclude Include="Dot.h">
      <Filter>Backend</Filter>
    </ClInclude>
    <ClInclude Include="GameStack.h">
      <Filter>Backend</Filter>
    </ClInclude>
    <ClInclude Include="Mine.h">
      <Filter>Backend</Filter>
    </ClInclude>
    <ClInclude Include="Minimax.h">
      <Filter>Backend</Filter>
    </ClInclude>
    <ClInclude Include="Peg.h">
      <Filter>Backend</Filter>
    </ClInclude>
    <ClInclude Include="Player.h">
      <Filter>Backend</Filter>
    </ClInclude>
    <ClInclude Include="TwixtGame.h">
      <Filter>Backend</Filter>
    </ClInclude>
    <ClInclude Include="Undo.h">
      <Filter>Backend</Filter>
    </ClInclude>
  </ItemGroup>
  <ItemGroup>
    <QtMoc Include="BridgeWidget.h">
      <Filter>Frontend</Filter>
    </QtMoc>
    <QtMoc Include="DotWidget.h">
      <Filter>Frontend</Filter>
    </QtMoc>
    <QtMoc Include="GameBoardWidget.h">
      <Filter>Frontend</Filter>
    </QtMoc>
    <QtMoc Include="GameScreenWidget.h">
      <Filter>Frontend</Filter>
    </QtMoc>
    <QtMoc Include="MainMenuWidget.h">
      <Filter>Frontend</Filter>
    </QtMoc>
    <QtMoc Include="MainWindow.h">
      <Filter>Frontend</Filter>
    </QtMoc>
    <QtMoc Include="SettingsWidget.h">
      <Filter>Frontend</Filter>
    </QtMoc>
  </ItemGroup>
  <ItemGroup>
    <QtUic Include="GameScreenWidget.ui">
      <Filter>Frontend</Filter>
    </QtUic>
    <QtUic Include="MainMenuWidget.ui">
      <Filter>Frontend</Filter>
    </QtUic>
    <QtUic Include="MainWindow.ui">
      <Filter>Frontend</Filter>
    </QtUic>
    <QtUic Include="SettingsWidget.ui">
      <Filter>Frontend</Filter>
    </QtUic>
  </ItemGroup>
  <ItemGroup>
    <Filter Include="Backend">
      <UniqueIdentifier>{a85f526a-05fc-49d7-b820-08f55ed7f3b3}</UniqueIdentifier>
    </Filter>
    <Filter Include="Frontend">
      <UniqueIdentifier>{1276c938-9b31-4548-a930-fff67dfcff3a}</UniqueIdentifier>
    </Filter>
  </ItemGroup>
</Project>